
Microsoft Visual Studio Solution File, Format Version 12.00
# Visual Studio 2012
Project("{FAE04EC0-301F-11D3-BF4B-00C04F79EFBC}") = "RazorParser", "RazorParser\RazorParser.csproj", "{DBEE0626-0322-4390-9044-BB112BF76AE6}"
EndProject
Project("{FAE04EC0-301F-11D3-BF4B-00C04F79EFBC}") = "RazorParser.Tests", "RazorParser.Tests\RazorParser.Tests.csproj", "{7603F56D-768C-4571-9BAC-DB28AFE7536B}"
EndProject
Global
	GlobalSection(SolutionConfigurationPlatforms) = preSolution
		Debug|x86 = Debug|x86
		Release|x86 = Release|x86
		TestiOS|Any CPU = TestiOS|Any CPU
		TestDroid|Any CPU = TestDroid|Any CPU
	EndGlobalSection
	GlobalSection(ProjectConfigurationPlatforms) = postSolution
		{7603F56D-768C-4571-9BAC-DB28AFE7536B}.Debug|x86.ActiveCfg = Debug|Any CPU
		{7603F56D-768C-4571-9BAC-DB28AFE7536B}.Debug|x86.Build.0 = Debug|Any CPU
		{7603F56D-768C-4571-9BAC-DB28AFE7536B}.Release|x86.ActiveCfg = Release|Any CPU
		{7603F56D-768C-4571-9BAC-DB28AFE7536B}.Release|x86.Build.0 = Release|Any CPU
		{7603F56D-768C-4571-9BAC-DB28AFE7536B}.TestDroid|Any CPU.ActiveCfg = Debug|Any CPU
		{7603F56D-768C-4571-9BAC-DB28AFE7536B}.TestDroid|Any CPU.Build.0 = Debug|Any CPU
		{7603F56D-768C-4571-9BAC-DB28AFE7536B}.TestiOS|Any CPU.ActiveCfg = Debug|Any CPU
		{7603F56D-768C-4571-9BAC-DB28AFE7536B}.TestiOS|Any CPU.Build.0 = Debug|Any CPU
		{DBEE0626-0322-4390-9044-BB112BF76AE6}.Debug|x86.ActiveCfg = Debug|x86
		{DBEE0626-0322-4390-9044-BB112BF76AE6}.Debug|x86.Build.0 = Debug|x86
		{DBEE0626-0322-4390-9044-BB112BF76AE6}.Release|x86.ActiveCfg = Release|x86
		{DBEE0626-0322-4390-9044-BB112BF76AE6}.Release|x86.Build.0 = Release|x86
		{DBEE0626-0322-4390-9044-BB112BF76AE6}.TestDroid|Any CPU.ActiveCfg = Debug|x86
		{DBEE0626-0322-4390-9044-BB112BF76AE6}.TestDroid|Any CPU.Build.0 = Debug|x86
		{DBEE0626-0322-4390-9044-BB112BF76AE6}.TestiOS|Any CPU.ActiveCfg = Debug|x86
		{DBEE0626-0322-4390-9044-BB112BF76AE6}.TestiOS|Any CPU.Build.0 = Debug|x86
	EndGlobalSection
EndGlobal
